
Microsoft Visual Studio Solution File, Format Version 12.00
# Visual Studio 14
VisualStudioVersion = 14.0.25420.1
MinimumVisualStudioVersion = 10.0.40219.1
Project("{2150E333-8FDC-42A3-9474-1A3956D46DE8}") = "src", "src", "{B04A82FE-C5FC-454F-BEB8-D334E895BA95}"
EndProject
Project("{2150E333-8FDC-42A3-9474-1A3956D46DE8}") = "Solution Items", "Solution Items", "{075018D1-68DC-4219-862A-B506856F3604}"
	ProjectSection(SolutionItems) = preProject
		global.json = global.json
	EndProjectSection
EndProject
Project("{8BB2217D-0F2D-49D1-97BC-3654ED321F3B}") = "TmWiA.api", "src\TmWiA.api\TmWiA.api.xproj", "{0AA5B6E9-95A0-4C6B-B1F8-1C1A49E625CD}"
EndProject
Global
	GlobalSection(SolutionConfigurationPlatforms) = preSolution
		Debug|Any CPU = Debug|Any CPU
		Release|Any CPU = Release|Any CPU
	EndGlobalSection
	GlobalSection(ProjectConfigurationPlatforms) = postSolution
		{0AA5B6E9-95A0-4C6B-B1F8-1C1A49E625CD}.Debug|Any CPU.ActiveCfg = Debug|Any CPU
		{0AA5B6E9-95A0-4C6B-B1F8-1C1A49E625CD}.Debug|Any CPU.Build.0 = Debug|Any CPU
		{0AA5B6E9-95A0-4C6B-B1F8-1C1A49E625CD}.Release|Any CPU.ActiveCfg = Release|Any CPU
		{0AA5B6E9-95A0-4C6B-B1F8-1C1A49E625CD}.Release|Any CPU.Build.0 = Release|Any CPU
	EndGlobalSection
	GlobalSection(SolutionProperties) = preSolution
		HideSolutionNode = FALSE
	EndGlobalSection
	GlobalSection(NestedProjects) = preSolution
		{0AA5B6E9-95A0-4C6B-B1F8-1C1A49E625CD} = {B04A82FE-C5FC-454F-BEB8-D334E895BA95}
	EndGlobalSection
EndGlobal
